// !$*UTF8*$!
{
	archiveVersion = 1;
	classes = {
	};
	objectVersion = 50;
	objects = {

/* Begin PBXBuildFile section */
		357705C123D8136E00D14776 /* AppDelegate.swift in Sources */ = {isa = PBXBuildFile; fileRef = 357705C023D8136E00D14776 /* AppDelegate.swift */; };
		357705C323D8136E00D14776 /* art.scnassets in Resources */ = {isa = PBXBuildFile; fileRef = 357705C223D8136E00D14776 /* art.scnassets */; };
		357705C523D8136E00D14776 /* ViewController.swift in Sources */ = {isa = PBXBuildFile; fileRef = 357705C423D8136E00D14776 /* ViewController.swift */; };
		357705C823D8136E00D14776 /* Main.storyboard in Resources */ = {isa = PBXBuildFile; fileRef = 357705C623D8136E00D14776 /* Main.storyboard */; };
		357705CA23D8137100D14776 /* Assets.xcassets in Resources */ = {isa = PBXBuildFile; fileRef = 357705C923D8137100D14776 /* Assets.xcassets */; };
		357705CD23D8137100D14776 /* LaunchScreen.storyboard in Resources */ = {isa = PBXBuildFile; fileRef = 357705CB23D8137100D14776 /* LaunchScreen.storyboard */; };
		357705D823D8137100D14776 /* ImageOnWallTests.swift in Sources */ = {isa = PBXBuildFile; fileRef = 357705D723D8137100D14776 /* ImageOnWallTests.swift */; };
		357705E323D8137100D14776 /* ImageOnWallUITests.swift in Sources */ = {isa = PBXBuildFile; fileRef = 357705E223D8137100D14776 /* ImageOnWallUITests.swift */; };
		357705F123D820DA00D14776 /* Grid.swift in Sources */ = {isa = PBXBuildFile; fileRef = 357705F023D820D900D14776 /* Grid.swift */; };
/* End PBXBuildFile section */

/* Begin PBXContainerItemProxy section */
		357705D423D8137100D14776 /* PBXContainerItemProxy */ = {
			isa = PBXContainerItemProxy;
			containerPortal = 357705B523D8136E00D14776 /* Project object */;
			proxyType = 1;
			remoteGlobalIDString = 357705BC23D8136E00D14776;
			remoteInfo = ImageOnWall;
		};
		357705DF23D8137100D14776 /* PBXContainerItemProxy */ = {
			isa = PBXContainerItemProxy;
			containerPortal = 357705B523D8136E00D14776 /* Project object */;
			proxyType = 1;
			remoteGlobalIDString = 357705BC23D8136E00D14776;
			remoteInfo = ImageOnWall;
		};
/* End PBXContainerItemProxy section */

/* Begin PBXFileReference section */
		357705BD23D8136E00D14776 /* ImageOnWall.app */ = {isa = PBXFileReference; explicitFileType = wrapper.application; includeInIndex = 0; path = ImageOnWall.app; sourceTree = BUILT_PRODUCTS_DIR; };
		357705C023D8136E00D14776 /* AppDelegate.swift */ = {isa = PBXFileReference; lastKnownFileType = sourcecode.swift; path = AppDelegate.swift; sourceTree = "<group>"; };
		357705C223D8136E00D14776 /* art.scnassets */ = {isa = PBXFileReference; lastKnownFileType = wrapper.scnassets; path = art.scnassets; sourceTree = "<group>"; };
		357705C423D8136E00D14776 /* ViewController.swift */ = {isa = PBXFileReference; lastKnownFileType = sourcecode.swift; path = ViewController.swift; sourceTree = "<group>"; };
		357705C723D8136E00D14776 /* Base */ = {isa = PBXFileReference; lastKnownFileType = file.storyboard; name = Base; path = Base.lproj/Main.storyboard; sourceTree = "<group>"; };
		357705C923D8137100D14776 /* Assets.xcassets */ = {isa = PBXFileReference; lastKnownFileType = folder.assetcatalog; path = Assets.xcassets; sourceTree = "<group>"; };
		357705CC23D8137100D14776 /* Base */ = {isa = PBXFileReference; lastKnownFileType = file.storyboard; name = Base; path = Base.lproj/LaunchScreen.storyboard; sourceTree = "<group>"; };
		357705CE23D8137100D14776 /* Info.plist */ = {isa = PBXFileReference; lastKnownFileType = text.plist.xml; path = Info.plist; sourceTree = "<group>"; };
		357705D323D8137100D14776 /* ImageOnWallTests.xctest */ = {isa = PBXFileReference; explicitFileType = wrapper.cfbundle; includeInIndex = 0; path = ImageOnWallTests.xctest; sourceTree = BUILT_PRODUCTS_DIR; };
		357705D723D8137100D14776 /* ImageOnWallTests.swift */ = {isa = PBXFileReference; lastKnownFileType = sourcecode.swift; path = ImageOnWallTests.swift; sourceTree = "<group>"; };
		357705D923D8137100D14776 /* Info.plist */ = {isa = PBXFileReference; lastKnownFileType = text.plist.xml; path = Info.plist; sourceTree = "<group>"; };
		357705DE23D8137100D14776 /* ImageOnWallUITests.xctest */ = {isa = PBXFileReference; explicitFileType = wrapper.cfbundle; includeInIndex = 0; path = ImageOnWallUITests.xctest; sourceTree = BUILT_PRODUCTS_DIR; };
		357705E223D8137100D14776 /* ImageOnWallUITests.swift */ = {isa = PBXFileReference; lastKnownFileType = sourcecode.swift; path = ImageOnWallUITests.swift; sourceTree = "<group>"; };
		357705E423D8137100D14776 /* Info.plist */ = {isa = PBXFileReference; lastKnownFileType = text.plist.xml; path = Info.plist; sourceTree = "<group>"; };
		357705F023D820D900D14776 /* Grid.swift */ = {isa = PBXFileReference; fileEncoding = 4; lastKnownFileType = sourcecode.swift; path = Grid.swift; sourceTree = "<group>"; };
/* End PBXFileReference section */

/* Begin PBXFrameworksBuildPhase section */
		357705BA23D8136E00D14776 /* Frameworks */ = {
			isa = PBXFrameworksBuildPhase;
			buildActionMask = 2147483647;
			files = (
			);
			runOnlyForDeploymentPostprocessing = 0;
		};
		357705D023D8137100D14776 /* Frameworks */ = {
			isa = PBXFrameworksBuildPhase;
			buildActionMask = 2147483647;
			files = (
			);
			runOnlyForDeploymentPostprocessing = 0;
		};
		357705DB23D8137100D14776 /* Frameworks */ = {
			isa = PBXFrameworksBuildPhase;
			buildActionMask = 2147483647;
			files = (
			);
			runOnlyForDeploymentPostprocessing = 0;
		};
/* End PBXFrameworksBuildPhase section */

/* Begin PBXGroup section */
		357705B423D8136E00D14776 = {
			isa = PBXGroup;
			children = (
				357705BF23D8136E00D14776 /* ImageOnWall */,
				357705D623D8137100D14776 /* ImageOnWallTests */,
				357705E123D8137100D14776 /* ImageOnWallUITests */,
				357705BE23D8136E00D14776 /* Products */,
			);
			sourceTree = "<group>";
		};
		357705BE23D8136E00D14776 /* Products */ = {
			isa = PBXGroup;
			children = (
				357705BD23D8136E00D14776 /* ImageOnWall.app */,
				357705D323D8137100D14776 /* ImageOnWallTests.xctest */,
				357705DE23D8137100D14776 /* ImageOnWallUITests.xctest */,
			);
			name = Products;
			sourceTree = "<group>";
		};
		357705BF23D8136E00D14776 /* ImageOnWall */ = {
			isa = PBXGroup;
			children = (
				357705F023D820D900D14776 /* Grid.swift */,
				357705C023D8136E00D14776 /* AppDelegate.swift */,
				357705C223D8136E00D14776 /* art.scnassets */,
				357705C423D8136E00D14776 /* ViewController.swift */,
				357705C623D8136E00D14776 /* Main.storyboard */,
				357705C923D8137100D14776 /* Assets.xcassets */,
				357705CB23D8137100D14776 /* LaunchScreen.storyboard */,
				357705CE23D8137100D14776 /* Info.plist */,
			);
			path = ImageOnWall;
			sourceTree = "<group>";
		};
		357705D623D8137100D14776 /* ImageOnWallTests */ = {
			isa = PBXGroup;
			children = (
				357705D723D8137100D14776 /* ImageOnWallTests.swift */,
				357705D923D8137100D14776 /* Info.plist */,
			);
			path = ImageOnWallTests;
			sourceTree = "<group>";
		};
		357705E123D8137100D14776 /* ImageOnWallUITests */ = {
			isa = PBXGroup;
			children = (
				357705E223D8137100D14776 /* ImageOnWallUITests.swift */,
				357705E423D8137100D14776 /* Info.plist */,
			);
			path = ImageOnWallUITests;
			sourceTree = "<group>";
		};
/* End PBXGroup section */

/* Begin PBXNativeTarget section */
		357705BC23D8136E00D14776 /* ImageOnWall */ = {
			isa = PBXNativeTarget;
			buildConfigurationList = 357705E723D8137100D14776 /* Build configuration list for PBXNativeTarget "ImageOnWall" */;
			buildPhases = (
				357705B923D8136E00D14776 /* Sources */,
				357705BA23D8136E00D14776 /* Frameworks */,
				357705BB23D8136E00D14776 /* Resources */,
			);
			buildRules = (
			);
			dependencies = (
			);
			name = ImageOnWall;
			productName = ImageOnWall;
			productReference = 357705BD23D8136E00D14776 /* ImageOnWall.app */;
			productType = "com.apple.product-type.application";
		};
		357705D223D8137100D14776 /* ImageOnWallTests */ = {
			isa = PBXNativeTarget;
			buildConfigurationList = 357705EA23D8137100D14776 /* Build configuration list for PBXNativeTarget "ImageOnWallTests" */;
			buildPhases = (
				357705CF23D8137100D14776 /* Sources */,
				357705D023D8137100D14776 /* Frameworks */,
				357705D123D8137100D14776 /* Resources */,
			);
			buildRules = (
			);
			dependencies = (
				357705D523D8137100D14776 /* PBXTargetDependency */,
			);
			name = ImageOnWallTests;
			productName = ImageOnWallTests;
			productReference = 357705D323D8137100D14776 /* ImageOnWallTests.xctest */;
			productType = "com.apple.product-type.bundle.unit-test";
		};
		357705DD23D8137100D14776 /* ImageOnWallUITests */ = {
			isa = PBXNativeTarget;
			buildConfigurationList = 357705ED23D8137100D14776 /* Build configuration list for PBXNativeTarget "ImageOnWallUITests" */;
			buildPhases = (
				357705DA23D8137100D14776 /* Sources */,
				357705DB23D8137100D14776 /* Frameworks */,
				357705DC23D8137100D14776 /* Resources */,
			);
			buildRules = (
			);
			dependencies = (
				357705E023D8137100D14776 /* PBXTargetDependency */,
			);
			name = ImageOnWallUITests;
			productName = ImageOnWallUITests;
			productReference = 357705DE23D8137100D14776 /* ImageOnWallUITests.xctest */;
			productType = "com.apple.product-type.bundle.ui-testing";
		};
/* End PBXNativeTarget section */

/* Begin PBXProject section */
		357705B523D8136E00D14776 /* Project object */ = {
			isa = PBXProject;
			attributes = {
				LastSwiftUpdateCheck = 1110;
				LastUpgradeCheck = 1110;
				ORGANIZATIONNAME = com.test;
				TargetAttributes = {
					357705BC23D8136E00D14776 = {
						CreatedOnToolsVersion = 11.1;
					};
					357705D223D8137100D14776 = {
						CreatedOnToolsVersion = 11.1;
						TestTargetID = 357705BC23D8136E00D14776;
					};
					357705DD23D8137100D14776 = {
						CreatedOnToolsVersion = 11.1;
						TestTargetID = 357705BC23D8136E00D14776;
					};
				};
			};
			buildConfigurationList = 357705B823D8136E00D14776 /* Build configuration list for PBXProject "ImageOnWall" */;
			compatibilityVersion = "Xcode 9.3";
			developmentRegion = en;
			hasScannedForEncodings = 0;
			knownRegions = (
				en,
				Base,
			);
			mainGroup = 357705B423D8136E00D14776;
			productRefGroup = 357705BE23D8136E00D14776 /* Products */;
			projectDirPath = "";
			projectRoot = "";
			targets = (
				357705BC23D8136E00D14776 /* ImageOnWall */,
				357705D223D8137100D14776 /* ImageOnWallTests */,
				357705DD23D8137100D14776 /* ImageOnWallUITests */,
			);
		};
/* End PBXProject section */

/* Begin PBXResourcesBuildPhase section */
		357705BB23D8136E00D14776 /* Resources */ = {
			isa = PBXResourcesBuildPhase;
			buildActionMask = 2147483647;
			files = (
				357705C323D8136E00D14776 /* art.scnassets in Resources */,
				357705CD23D8137100D14776 /* LaunchScreen.storyboard in Resources */,
				357705CA23D8137100D14776 /* Assets.xcassets in Resources */,
				357705C823D8136E00D14776 /* Main.storyboard in Resources */,
			);
			runOnlyForDeploymentPostprocessing = 0;
		};
		357705D123D8137100D14776 /* Resources */ = {
			isa = PBXResourcesBuildPhase;
			buildActionMask = 2147483647;
			files = (
			);
			runOnlyForDeploymentPostprocessing = 0;
		};
		357705DC23D8137100D14776 /* Resources */ = {
			isa = PBXResourcesBuildPhase;
			buildActionMask = 2147483647;
			files = (
			);
			runOnlyForDeploymentPostprocessing = 0;
		};
/* End PBXResourcesBuildPhase section */

/* Begin PBXSourcesBuildPhase section */
		357705B923D8136E00D14776 /* Sources */ = {
			isa = PBXSourcesBuildPhase;
			buildActionMask = 2147483647;
			files = (
				357705C523D8136E00D14776 /* ViewController.swift in Sources */,
				357705C123D8136E00D14776 /* AppDelegate.swift in Sources */,
				357705F123D820DA00D14776 /* Grid.swift in Sources */,
			);
			runOnlyForDeploymentPostprocessing = 0;
		};
		357705CF23D8137100D14776 /* Sources */ = {
			isa = PBXSourcesBuildPhase;
			buildActionMask = 2147483647;
			files = (
				357705D823D8137100D14776 /* ImageOnWallTests.swift in Sources */,
			);
			runOnlyForDeploymentPostprocessing = 0;
		};
		357705DA23D8137100D14776 /* Sources */ = {
			isa = PBXSourcesBuildPhase;
			buildActionMask = 2147483647;
			files = (
				357705E323D8137100D14776 /* ImageOnWallUITests.swift in Sources */,
			);
			runOnlyForDeploymentPostprocessing = 0;
		};
/* End PBXSourcesBuildPhase section */

/* Begin PBXTargetDependency section */
		357705D523D8137100D14776 /* PBXTargetDependency */ = {
			isa = PBXTargetDependency;
			target = 357705BC23D8136E00D14776 /* ImageOnWall */;
			targetProxy = 357705D423D8137100D14776 /* PBXContainerItemProxy */;
		};
		357705E023D8137100D14776 /* PBXTargetDependency */ = {
			isa = PBXTargetDependency;
			target = 357705BC23D8136E00D14776 /* ImageOnWall */;
			targetProxy = 357705DF23D8137100D14776 /* PBXContainerItemProxy */;
		};
/* End PBXTargetDependency section */

/* Begin PBXVariantGroup section */
		357705C623D8136E00D14776 /* Main.storyboard */ = {
			isa = PBXVariantGroup;
			children = (
				357705C723D8136E00D14776 /* Base */,
			);
			name = Main.storyboard;
			sourceTree = "<group>";
		};
		357705CB23D8137100D14776 /* LaunchScreen.storyboard */ = {
			isa = PBXVariantGroup;
			children = (
				357705CC23D8137100D14776 /* Base */,
			);
			name = LaunchScreen.storyboard;
			sourceTree = "<group>";
		};
/* End PBXVariantGroup section */

/* Begin XCBuildConfiguration section */
		357705E523D8137100D14776 /* Debug */ = {
			isa = XCBuildConfiguration;
			buildSettings = {
				ALWAYS_SEARCH_USER_PATHS = NO;
				CLANG_ANALYZER_NONNULL = YES;
				CLANG_ANALYZER_NUMBER_OBJECT_CONVERSION = YES_AGGRESSIVE;
				CLANG_CXX_LANGUAGE_STANDARD = "gnu++14";
				CLANG_CXX_LIBRARY = "libc++";
				CLANG_ENABLE_MODULES = YES;
				CLANG_ENABLE_OBJC_ARC = YES;
				CLANG_ENABLE_OBJC_WEAK = YES;
				CLANG_WARN_BLOCK_CAPTURE_AUTORELEASING = YES;
				CLANG_WARN_BOOL_CONVERSION = YES;
				CLANG_WARN_COMMA = YES;
				CLANG_WARN_CONSTANT_CONVERSION = YES;
				CLANG_WARN_DEPRECATED_OBJC_IMPLEMENTATIONS = YES;
				CLANG_WARN_DIRECT_OBJC_ISA_USAGE = YES_ERROR;
				CLANG_WARN_DOCUMENTATION_COMMENTS = YES;
				CLANG_WARN_EMPTY_BODY = YES;
				CLANG_WARN_ENUM_CONVERSION = YES;
				CLANG_WARN_INFINITE_RECURSION = YES;
				CLANG_WARN_INT_CONVERSION = YES;
				CLANG_WARN_NON_LITERAL_NULL_CONVERSION = YES;
				CLANG_WARN_OBJC_IMPLICIT_RETAIN_SELF = YES;
				CLANG_WARN_OBJC_LITERAL_CONVERSION = YES;
				CLANG_WARN_OBJC_ROOT_CLASS = YES_ERROR;
				CLANG_WARN_RANGE_LOOP_ANALYSIS = YES;
				CLANG_WARN_STRICT_PROTOTYPES = YES;
				CLANG_WARN_SUSPICIOUS_MOVE = YES;
				CLANG_WARN_UNGUARDED_AVAILABILITY = YES_AGGRESSIVE;
				CLANG_WARN_UNREACHABLE_CODE = YES;
				CLANG_WARN__DUPLICATE_METHOD_MATCH = YES;
				COPY_PHASE_STRIP = NO;
				DEBUG_INFORMATION_FORMAT = dwarf;
				ENABLE_STRICT_OBJC_MSGSEND = YES;
				ENABLE_TESTABILITY = YES;
				GCC_C_LANGUAGE_STANDARD = gnu11;
				GCC_DYNAMIC_NO_PIC = NO;
				GCC_NO_COMMON_BLOCKS = YES;
				GCC_OPTIMIZATION_LEVEL = 0;
				GCC_PREPROCESSOR_DEFINITIONS = (
					"DEBUG=1",
					"$(inherited)",
				);
				GCC_WARN_64_TO_32_BIT_CONVERSION = YES;
				GCC_WARN_ABOUT_RETURN_TYPE = YES_ERROR;
				GCC_WARN_UNDECLARED_SELECTOR = YES;
				GCC_WARN_UNINITIALIZED_AUTOS = YES_AGGRESSIVE;
				GCC_WARN_UNUSED_FUNCTION = YES;
				GCC_WARN_UNUSED_VARIABLE = YES;
				IPHONEOS_DEPLOYMENT_TARGET = 13.1;
				MTL_ENABLE_DEBUG_INFO = INCLUDE_SOURCE;
				MTL_FAST_MATH = YES;
				ONLY_ACTIVE_ARCH = YES;
				SDKROOT = iphoneos;
				SWIFT_ACTIVE_COMPILATION_CONDITIONS = DEBUG;
				SWIFT_OPTIMIZATION_LEVEL = "-Onone";
			};
			name = Debug;
		};
		357705E623D8137100D14776 /* Release */ = {
			isa = XCBuildConfiguration;
			buildSettings = {
				ALWAYS_SEARCH_USER_PATHS = NO;
				CLANG_ANALYZER_NONNULL = YES;
				CLANG_ANALYZER_NUMBER_OBJECT_CONVERSION = YES_AGGRESSIVE;
				CLANG_CXX_LANGUAGE_STANDARD = "gnu++14";
				CLANG_CXX_LIBRARY = "libc++";
				CLANG_ENABLE_MODULES = YES;
				CLANG_ENABLE_OBJC_ARC = YES;
				CLANG_ENABLE_OBJC_WEAK = YES;
				CLANG_WARN_BLOCK_CAPTURE_AUTORELEASING = YES;
				CLANG_WARN_BOOL_CONVERSION = YES;
				CLANG_WARN_COMMA = YES;
				CLANG_WARN_CONSTANT_CONVERSION = YES;
				CLANG_WARN_DEPRECATED_OBJC_IMPLEMENTATIONS = YES;
				CLANG_WARN_DIRECT_OBJC_ISA_USAGE = YES_ERROR;
				CLANG_WARN_DOCUMENTATION_COMMENTS = YES;
				CLANG_WARN_EMPTY_BODY = YES;
				CLANG_WARN_ENUM_CONVERSION = YES;
				CLANG_WARN_INFINITE_RECURSION = YES;
				CLANG_WARN_INT_CONVERSION = YES;
				CLANG_WARN_NON_LITERAL_NULL_CONVERSION = YES;
				CLANG_WARN_OBJC_IMPLICIT_RETAIN_SELF = YES;
				CLANG_WARN_OBJC_LITERAL_CONVERSION = YES;
				CLANG_WARN_OBJC_ROOT_CLASS = YES_ERROR;
				CLANG_WARN_RANGE_LOOP_ANALYSIS = YES;
				CLANG_WARN_STRICT_PROTOTYPES = YES;
				CLANG_WARN_SUSPICIOUS_MOVE = YES;
				CLANG_WARN_UNGUARDED_AVAILABILITY = YES_AGGRESSIVE;
				CLANG_WARN_UNREACHABLE_CODE = YES;
				CLANG_WARN__DUPLICATE_METHOD_MATCH = YES;
				COPY_PHASE_STRIP = NO;
				DEBUG_INFORMATION_FORMAT = "dwarf-with-dsym";
				ENABLE_NS_ASSERTIONS = NO;
				ENABLE_STRICT_OBJC_MSGSEND = YES;
				GCC_C_LANGUAGE_STANDARD = gnu11;
				GCC_NO_COMMON_BLOCKS = YES;
				GCC_WARN_64_TO_32_BIT_CONVERSION = YES;
				GCC_WARN_ABOUT_RETURN_TYPE = YES_ERROR;
				GCC_WARN_UNDECLARED_SELECTOR = YES;
				GCC_WARN_UNINITIALIZED_AUTOS = YES_AGGRESSIVE;
				GCC_WARN_UNUSED_FUNCTION = YES;
				GCC_WARN_UNUSED_VARIABLE = YES;
				IPHONEOS_DEPLOYMENT_TARGET = 13.1;
				MTL_ENABLE_DEBUG_INFO = NO;
				MTL_FAST_MATH = YES;
				SDKROOT = iphoneos;
				SWIFT_COMPILATION_MODE = wholemodule;
				SWIFT_OPTIMIZATION_LEVEL = "-O";
				VALIDATE_PRODUCT = YES;
			};
			name = Release;
		};
		357705E823D8137100D14776 /* Debug */ = {
			isa = XCBuildConfiguration;
			buildSettings = {
				ASSETCATALOG_COMPILER_APPICON_NAME = AppIcon;
				CODE_SIGN_STYLE = Automatic;
				DEVELOPMENT_TEAM = SV4927V37J;
				INFOPLIST_FILE = ImageOnWall/Info.plist;
				IPHONEOS_DEPLOYMENT_TARGET = 12.0;
				LD_RUNPATH_SEARCH_PATHS = (
					"$(inherited)",
					"@executable_path/Frameworks",
				);
				PRODUCT_BUNDLE_IDENTIFIER = CSBellevue.ImageOnWall;
				PRODUCT_NAME = "$(TARGET_NAME)";
				SWIFT_VERSION = 5.0;
				TARGETED_DEVICE_FAMILY = "1,2";
			};
			name = Debug;
		};
		357705E923D8137100D14776 /* Release */ = {
			isa = XCBuildConfiguration;
			buildSettings = {
				ASSETCATALOG_COMPILER_APPICON_NAME = AppIcon;
				CODE_SIGN_STYLE = Automatic;
				DEVELOPMENT_TEAM = SV4927V37J;
				INFOPLIST_FILE = ImageOnWall/Info.plist;
				IPHONEOS_DEPLOYMENT_TARGET = 12.0;
				LD_RUNPATH_SEARCH_PATHS = (
					"$(inherited)",
					"@executable_path/Frameworks",
				);
				PRODUCT_BUNDLE_IDENTIFIER = CSBellevue.ImageOnWall;
				PRODUCT_NAME = "$(TARGET_NAME)";
				SWIFT_VERSION = 5.0;
				TARGETED_DEVICE_FAMILY = "1,2";
			};
			name = Release;
		};
		357705EB23D8137100D14776 /* Debug */ = {
			isa = XCBuildConfiguration;
			buildSettings = {
				ALWAYS_EMBED_SWIFT_STANDARD_LIBRARIES = YES;
				BUNDLE_LOADER = "$(TEST_HOST)";
				CODE_SIGN_STYLE = Automatic;
				DEVELOPMENT_TEAM = SV4927V37J;
				INFOPLIST_FILE = ImageOnWallTests/Info.plist;
				IPHONEOS_DEPLOYMENT_TARGET = 13.1;
				LD_RUNPATH_SEARCH_PATHS = (
					"$(inherited)",
					"@executable_path/Frameworks",
					"@loader_path/Frameworks",
				);
				PRODUCT_BUNDLE_IDENTIFIER = CSBellevue.ImageOnWallTests;
				PRODUCT_NAME = "$(TARGET_NAME)";
				SWIFT_VERSION = 5.0;
				TARGETED_DEVICE_FAMILY = "1,2";
				TEST_HOST = "$(BUILT_PRODUCTS_DIR)/ImageOnWall.app/ImageOnWall";
			};
			name = Debug;
		};
		357705EC23D8137100D14776 /* Release */ = {
			isa = XCBuildConfiguration;
			buildSettings = {
				ALWAYS_EMBED_SWIFT_STANDARD_LIBRARIES = YES;
				BUNDLE_LOADER = "$(TEST_HOST)";
				CODE_SIGN_STYLE = Automatic;
				DEVELOPMENT_TEAM = SV4927V37J;
				INFOPLIST_FILE = ImageOnWallTests/Info.plist;
				IPHONEOS_DEPLOYMENT_TARGET = 13.1;
				LD_RUNPATH_SEARCH_PATHS = (
					"$(inherited)",
					"@executable_path/Frameworks",
					"@loader_path/Frameworks",
				);
				PRODUCT_BUNDLE_IDENTIFIER = CSBellevue.ImageOnWallTests;
				PRODUCT_NAME = "$(TARGET_NAME)";
				SWIFT_VERSION = 5.0;
				TARGETED_DEVICE_FAMILY = "1,2";
				TEST_HOST = "$(BUILT_PRODUCTS_DIR)/ImageOnWall.app/ImageOnWall";
			};
			name = Release;
		};
		357705EE23D8137100D14776 /* Debug */ = {
			isa = XCBuildConfiguration;
			buildSettings = {
				ALWAYS_EMBED_SWIFT_STANDARD_LIBRARIES = YES;
				CODE_SIGN_STYLE = Automatic;
				DEVELOPMENT_TEAM = SV4927V37J;
				INFOPLIST_FILE = ImageOnWallUITests/Info.plist;
				LD_RUNPATH_SEARCH_PATHS = (
					"$(inherited)",
					"@executable_path/Frameworks",
					"@loader_path/Frameworks",
				);
				PRODUCT_BUNDLE_IDENTIFIER = CSBellevue.ImageOnWallUITests;
				PRODUCT_NAME = "$(TARGET_NAME)";
				SWIFT_VERSION = 5.0;
				TARGETED_DEVICE_FAMILY = "1,2";
				TEST_TARGET_NAME = ImageOnWall;
			};
			name = Debug;
		};
		357705EF23D8137100D14776 /* Release */ = {
			isa = XCBuildConfiguration;
			buildSettings = {
				ALWAYS_EMBED_SWIFT_STANDARD_LIBRARIES = YES;
				CODE_SIGN_STYLE = Automatic;
				DEVELOPMENT_TEAM = SV4927V37J;
				INFOPLIST_FILE = ImageOnWallUITests/Info.plist;
				LD_RUNPATH_SEARCH_PATHS = (
					"$(inherited)",
					"@executable_path/Frameworks",
					"@loader_path/Frameworks",
				);
				PRODUCT_BUNDLE_IDENTIFIER = CSBellevue.ImageOnWallUITests;
				PRODUCT_NAME = "$(TARGET_NAME)";
				SWIFT_VERSION = 5.0;
				TARGETED_DEVICE_FAMILY = "1,2";
				TEST_TARGET_NAME = ImageOnWall;
			};
			name = Release;
		};
/* End XCBuildConfiguration section */

/* Begin XCConfigurationList section */
		357705B823D8136E00D14776 /* Build configuration list for PBXProject "ImageOnWall" */ = {
			isa = XCConfigurationList;
			buildConfigurations = (
				357705E523D8137100D14776 /* Debug */,
				357705E623D8137100D14776 /* Release */,
			);
			defaultConfigurationIsVisible = 0;
			defaultConfigurationName = Release;
		};
		357705E723D8137100D14776 /* Build configuration list for PBXNativeTarget "ImageOnWall" */ = {
			isa = XCConfigurationList;
			buildConfigurations = (
				357705E823D8137100D14776 /* Debug */,
				357705E923D8137100D14776 /* Release */,
			);
			defaultConfigurationIsVisible = 0;
			defaultConfigurationName = Release;
		};
		357705EA23D8137100D14776 /* Build configuration list for PBXNativeTarget "ImageOnWallTests" */ = {
			isa = XCConfigurationList;
			buildConfigurations = (
				357705EB23D8137100D14776 /* Debug */,
				357705EC23D8137100D14776 /* Release */,
			);
			defaultConfigurationIsVisible = 0;
			defaultConfigurationName = Release;
		};
		357705ED23D8137100D14776 /* Build configuration list for PBXNativeTarget "ImageOnWallUITests" */ = {
			isa = XCConfigurationList;
			buildConfigurations = (
				357705EE23D8137100D14776 /* Debug */,
				357705EF23D8137100D14776 /* Release */,
			);
			defaultConfigurationIsVisible = 0;
			defaultConfigurationName = Release;
		};
/* End XCConfigurationList section */
	};
	rootObject = 357705B523D8136E00D14776 /* Project object */;
}
